// !$*UTF8*$!
{
	archiveVersion = 1;
	classes = {
	};
	objectVersion = 55;
	objects = {

/* Begin PBXBuildFile section */
		878FC3C427E50D6D0071B4F7 /* AppDelegate.swift in Sources */ = {isa = PBXBuildFile; fileRef = 878FC3C327E50D6D0071B4F7 /* AppDelegate.swift */; };
		878FC3C627E50D6D0071B4F7 /* SceneDelegate.swift in Sources */ = {isa = PBXBuildFile; fileRef = 878FC3C527E50D6D0071B4F7 /* SceneDelegate.swift */; };
		878FC3C827E50D6D0071B4F7 /* ViewController.swift in Sources */ = {isa = PBXBuildFile; fileRef = 878FC3C727E50D6D0071B4F7 /* ViewController.swift */; };
		878FC3CD27E50D6E0071B4F7 /* Assets.xcassets in Resources */ = {isa = PBXBuildFile; fileRef = 878FC3CC27E50D6E0071B4F7 /* Assets.xcassets */; };
		878FC3D027E50D6E0071B4F7 /* LaunchScreen.storyboard in Resources */ = {isa = PBXBuildFile; fileRef = 878FC3CE27E50D6E0071B4F7 /* LaunchScreen.storyboard */; };
		878FC3D927E50F460071B4F7 /* APIKey.swift in Sources */ = {isa = PBXBuildFile; fileRef = 878FC3D827E50F460071B4F7 /* APIKey.swift */; };
		878FC3DC27E510630071B4F7 /* NewsModel.swift in Sources */ = {isa = PBXBuildFile; fileRef = 878FC3DB27E510630071B4F7 /* NewsModel.swift */; };
		878FC3DF27E511330071B4F7 /* NetworkManager.swift in Sources */ = {isa = PBXBuildFile; fileRef = 878FC3DE27E511330071B4F7 /* NetworkManager.swift */; };
		878FC3E227E515960071B4F7 /* NewsViewModel.swift in Sources */ = {isa = PBXBuildFile; fileRef = 878FC3E127E515960071B4F7 /* NewsViewModel.swift */; };
		878FC3E427E516CC0071B4F7 /* ListViewModel.swift in Sources */ = {isa = PBXBuildFile; fileRef = 878FC3E327E516CC0071B4F7 /* ListViewModel.swift */; };
		878FC3E727E518CF0071B4F7 /* headerView.swift in Sources */ = {isa = PBXBuildFile; fileRef = 878FC3E627E518CF0071B4F7 /* headerView.swift */; };
		878FC3E927E51BDC0071B4F7 /* NewsImageView.swift in Sources */ = {isa = PBXBuildFile; fileRef = 878FC3E827E51BDC0071B4F7 /* NewsImageView.swift */; };
		878FC3EB27E51EBE0071B4F7 /* NewsTableViewCell.swift in Sources */ = {isa = PBXBuildFile; fileRef = 878FC3EA27E51EBE0071B4F7 /* NewsTableViewCell.swift */; };
/* End PBXBuildFile section */

/* Begin PBXFileReference section */
		878FC3C027E50D6D0071B4F7 /* GetYourNews.app */ = {isa = PBXFileReference; explicitFileType = wrapper.application; includeInIndex = 0; path = GetYourNews.app; sourceTree = BUILT_PRODUCTS_DIR; };
		878FC3C327E50D6D0071B4F7 /* AppDelegate.swift */ = {isa = PBXFileReference; lastKnownFileType = sourcecode.swift; path = AppDelegate.swift; sourceTree = "<group>"; };
		878FC3C527E50D6D0071B4F7 /* SceneDelegate.swift */ = {isa = PBXFileReference; lastKnownFileType = sourcecode.swift; path = SceneDelegate.swift; sourceTree = "<group>"; };
		878FC3C727E50D6D0071B4F7 /* ViewController.swift */ = {isa = PBXFileReference; lastKnownFileType = sourcecode.swift; path = ViewController.swift; sourceTree = "<group>"; };
		878FC3CC27E50D6E0071B4F7 /* Assets.xcassets */ = {isa = PBXFileReference; lastKnownFileType = folder.assetcatalog; path = Assets.xcassets; sourceTree = "<group>"; };
		878FC3CF27E50D6E0071B4F7 /* Base */ = {isa = PBXFileReference; lastKnownFileType = file.storyboard; name = Base; path = Base.lproj/LaunchScreen.storyboard; sourceTree = "<group>"; };
		878FC3D127E50D6E0071B4F7 /* Info.plist */ = {isa = PBXFileReference; lastKnownFileType = text.plist.xml; path = Info.plist; sourceTree = "<group>"; };
		878FC3D827E50F460071B4F7 /* APIKey.swift */ = {isa = PBXFileReference; lastKnownFileType = sourcecode.swift; path = APIKey.swift; sourceTree = "<group>"; };
		878FC3DB27E510630071B4F7 /* NewsModel.swift */ = {isa = PBXFileReference; lastKnownFileType = sourcecode.swift; path = NewsModel.swift; sourceTree = "<group>"; };
		878FC3DE27E511330071B4F7 /* NetworkManager.swift */ = {isa = PBXFileReference; lastKnownFileType = sourcecode.swift; path = NetworkManager.swift; sourceTree = "<group>"; };
		878FC3E127E515960071B4F7 /* NewsViewModel.swift */ = {isa = PBXFileReference; lastKnownFileType = sourcecode.swift; path = NewsViewModel.swift; sourceTree = "<group>"; };
		878FC3E327E516CC0071B4F7 /* ListViewModel.swift */ = {isa = PBXFileReference; lastKnownFileType = sourcecode.swift; path = ListViewModel.swift; sourceTree = "<group>"; };
		878FC3E627E518CF0071B4F7 /* headerView.swift */ = {isa = PBXFileReference; lastKnownFileType = sourcecode.swift; path = headerView.swift; sourceTree = "<group>"; };
		878FC3E827E51BDC0071B4F7 /* NewsImageView.swift */ = {isa = PBXFileReference; lastKnownFileType = sourcecode.swift; path = NewsImageView.swift; sourceTree = "<group>"; };
		878FC3EA27E51EBE0071B4F7 /* NewsTableViewCell.swift */ = {isa = PBXFileReference; lastKnownFileType = sourcecode.swift; path = NewsTableViewCell.swift; sourceTree = "<group>"; };
/* End PBXFileReference section */

/* Begin PBXFrameworksBuildPhase section */
		878FC3BD27E50D6D0071B4F7 /* Frameworks */ = {
			isa = PBXFrameworksBuildPhase;
			buildActionMask = 2147483647;
			files = (
			);
			runOnlyForDeploymentPostprocessing = 0;
		};
/* End PBXFrameworksBuildPhase section */

/* Begin PBXGroup section */
		878FC3B727E50D6D0071B4F7 = {
			isa = PBXGroup;
			children = (
				878FC3C227E50D6D0071B4F7 /* GetYourNews */,
				878FC3C127E50D6D0071B4F7 /* Products */,
			);
			sourceTree = "<group>";
		};
		878FC3C127E50D6D0071B4F7 /* Products */ = {
			isa = PBXGroup;
			children = (
				878FC3C027E50D6D0071B4F7 /* GetYourNews.app */,
			);
			name = Products;
			sourceTree = "<group>";
		};
		878FC3C227E50D6D0071B4F7 /* GetYourNews */ = {
			isa = PBXGroup;
			children = (
				878FC3E527E518C00071B4F7 /* Views  */,
				878FC3E027E515880071B4F7 /* ViewModels */,
				878FC3DD27E511200071B4F7 /* NetworkManager */,
				878FC3DA27E5105A0071B4F7 /* Models */,
				878FC3D727E50F320071B4F7 /* APICaller */,
				878FC3C327E50D6D0071B4F7 /* AppDelegate.swift */,
				878FC3C527E50D6D0071B4F7 /* SceneDelegate.swift */,
				878FC3C727E50D6D0071B4F7 /* ViewController.swift */,
				878FC3CC27E50D6E0071B4F7 /* Assets.xcassets */,
				878FC3CE27E50D6E0071B4F7 /* LaunchScreen.storyboard */,
				878FC3D127E50D6E0071B4F7 /* Info.plist */,
			);
			path = GetYourNews;
			sourceTree = "<group>";
		};
		878FC3D727E50F320071B4F7 /* APICaller */ = {
			isa = PBXGroup;
			children = (
				878FC3D827E50F460071B4F7 /* APIKey.swift */,
			);
			path = APICaller;
			sourceTree = "<group>";
		};
		878FC3DA27E5105A0071B4F7 /* Models */ = {
			isa = PBXGroup;
			children = (
				878FC3DB27E510630071B4F7 /* NewsModel.swift */,
			);
			path = Models;
			sourceTree = "<group>";
		};
		878FC3DD27E511200071B4F7 /* NetworkManager */ = {
			isa = PBXGroup;
			children = (
				878FC3DE27E511330071B4F7 /* NetworkManager.swift */,
			);
			path = NetworkManager;
			sourceTree = "<group>";
		};
		878FC3E027E515880071B4F7 /* ViewModels */ = {
			isa = PBXGroup;
			children = (
				878FC3E127E515960071B4F7 /* NewsViewModel.swift */,
				878FC3E327E516CC0071B4F7 /* ListViewModel.swift */,
			);
			path = ViewModels;
			sourceTree = "<group>";
		};
		878FC3E527E518C00071B4F7 /* Views  */ = {
			isa = PBXGroup;
			children = (
				878FC3E627E518CF0071B4F7 /* headerView.swift */,
				878FC3E827E51BDC0071B4F7 /* NewsImageView.swift */,
				878FC3EA27E51EBE0071B4F7 /* NewsTableViewCell.swift */,
			);
			path = "Views ";
			sourceTree = "<group>";
		};
/* End PBXGroup section */

/* Begin PBXNativeTarget section */
		878FC3BF27E50D6D0071B4F7 /* GetYourNews */ = {
			isa = PBXNativeTarget;
			buildConfigurationList = 878FC3D427E50D6E0071B4F7 /* Build configuration list for PBXNativeTarget "GetYourNews" */;
			buildPhases = (
				878FC3BC27E50D6D0071B4F7 /* Sources */,
				878FC3BD27E50D6D0071B4F7 /* Frameworks */,
				878FC3BE27E50D6D0071B4F7 /* Resources */,
			);
			buildRules = (
			);
			dependencies = (
			);
			name = GetYourNews;
			productName = GetYourNews;
			productReference = 878FC3C027E50D6D0071B4F7 /* GetYourNews.app */;
			productType = "com.apple.product-type.application";
		};
/* End PBXNativeTarget section */

/* Begin PBXProject section */
		878FC3B827E50D6D0071B4F7 /* Project object */ = {
			isa = PBXProject;
			attributes = {
				BuildIndependentTargetsInParallel = 1;
				LastSwiftUpdateCheck = 1320;
				LastUpgradeCheck = 1320;
				TargetAttributes = {
					878FC3BF27E50D6D0071B4F7 = {
						CreatedOnToolsVersion = 13.2.1;
					};
				};
			};
			buildConfigurationList = 878FC3BB27E50D6D0071B4F7 /* Build configuration list for PBXProject "GetYourNews" */;
			compatibilityVersion = "Xcode 13.0";
			developmentRegion = en;
			hasScannedForEncodings = 0;
			knownRegions = (
				en,
				Base,
			);
			mainGroup = 878FC3B727E50D6D0071B4F7;
			productRefGroup = 878FC3C127E50D6D0071B4F7 /* Products */;
			projectDirPath = "";
			projectRoot = "";
			targets = (
				878FC3BF27E50D6D0071B4F7 /* GetYourNews */,
			);
		};
/* End PBXProject section */

/* Begin PBXResourcesBuildPhase section */
		878FC3BE27E50D6D0071B4F7 /* Resources */ = {
			isa = PBXResourcesBuildPhase;
			buildActionMask = 2147483647;
			files = (
				878FC3D027E50D6E0071B4F7 /* LaunchScreen.storyboard in Resources */,
				878FC3CD27E50D6E0071B4F7 /* Assets.xcassets in Resources */,
			);
			runOnlyForDeploymentPostprocessing = 0;
		};
/* End PBXResourcesBuildPhase section */

/* Begin PBXSourcesBuildPhase section */
		878FC3BC27E50D6D0071B4F7 /* Sources */ = {
			isa = PBXSourcesBuildPhase;
			buildActionMask = 2147483647;
			files = (
				878FC3E927E51BDC0071B4F7 /* NewsImageView.swift in Sources */,
				878FC3EB27E51EBE0071B4F7 /* NewsTableViewCell.swift in Sources */,
				878FC3DF27E511330071B4F7 /* NetworkManager.swift in Sources */,
				878FC3C827E50D6D0071B4F7 /* ViewController.swift in Sources */,
				878FC3C427E50D6D0071B4F7 /* AppDelegate.swift in Sources */,
				878FC3D927E50F460071B4F7 /* APIKey.swift in Sources */,
				878FC3E227E515960071B4F7 /* NewsViewModel.swift in Sources */,
				878FC3E727E518CF0071B4F7 /* headerView.swift in Sources */,
				878FC3C627E50D6D0071B4F7 /* SceneDelegate.swift in Sources */,
				878FC3E427E516CC0071B4F7 /* ListViewModel.swift in Sources */,
				878FC3DC27E510630071B4F7 /* NewsModel.swift in Sources */,
			);
			runOnlyForDeploymentPostprocessing = 0;
		};
/* End PBXSourcesBuildPhase section */

/* Begin PBXVariantGroup section */
		878FC3CE27E50D6E0071B4F7 /* LaunchScreen.storyboard */ = {
			isa = PBXVariantGroup;
			children = (
				878FC3CF27E50D6E0071B4F7 /* Base */,
			);
			name = LaunchScreen.storyboard;
			sourceTree = "<group>";
		};
/* End PBXVariantGroup section */

/* Begin XCBuildConfiguration section */
		878FC3D227E50D6E0071B4F7 /* Debug */ = {
			isa = XCBuildConfiguration;
			buildSettings = {
				ALWAYS_SEARCH_USER_PATHS = NO;
				CLANG_ANALYZER_NONNULL = YES;
				CLANG_ANALYZER_NUMBER_OBJECT_CONVERSION = YES_AGGRESSIVE;
				CLANG_CXX_LANGUAGE_STANDARD = "gnu++17";
				CLANG_CXX_LIBRARY = "libc++";
				CLANG_ENABLE_MODULES = YES;
				CLANG_ENABLE_OBJC_ARC = YES;
				CLANG_ENABLE_OBJC_WEAK = YES;
				CLANG_WARN_BLOCK_CAPTURE_AUTORELEASING = YES;
				CLANG_WARN_BOOL_CONVERSION = YES;
				CLANG_WARN_COMMA = YES;
				CLANG_WARN_CONSTANT_CONVERSION = YES;
				CLANG_WARN_DEPRECATED_OBJC_IMPLEMENTATIONS = YES;
				CLANG_WARN_DIRECT_OBJC_ISA_USAGE = YES_ERROR;
				CLANG_WARN_DOCUMENTATION_COMMENTS = YES;
				CLANG_WARN_EMPTY_BODY = YES;
				CLANG_WARN_ENUM_CONVERSION = YES;
				CLANG_WARN_INFINITE_RECURSION = YES;
				CLANG_WARN_INT_CONVERSION = YES;
				CLANG_WARN_NON_LITERAL_NULL_CONVERSION = YES;
				CLANG_WARN_OBJC_IMPLICIT_RETAIN_SELF = YES;
				CLANG_WARN_OBJC_LITERAL_CONVERSION = YES;
				CLANG_WARN_OBJC_ROOT_CLASS = YES_ERROR;
				CLANG_WARN_QUOTED_INCLUDE_IN_FRAMEWORK_HEADER = YES;
				CLANG_WARN_RANGE_LOOP_ANALYSIS = YES;
				CLANG_WARN_STRICT_PROTOTYPES = YES;
				CLANG_WARN_SUSPICIOUS_MOVE = YES;
				CLANG_WARN_UNGUARDED_AVAILABILITY = YES_AGGRESSIVE;
				CLANG_WARN_UNREACHABLE_CODE = YES;
				CLANG_WARN__DUPLICATE_METHOD_MATCH = YES;
				COPY_PHASE_STRIP = NO;
				DEBUG_INFORMATION_FORMAT = dwarf;
				ENABLE_STRICT_OBJC_MSGSEND = YES;
				ENABLE_TESTABILITY = YES;
				GCC_C_LANGUAGE_STANDARD = gnu11;
				GCC_DYNAMIC_NO_PIC = NO;
				GCC_NO_COMMON_BLOCKS = YES;
				GCC_OPTIMIZATION_LEVEL = 0;
				GCC_PREPROCESSOR_DEFINITIONS = (
					"DEBUG=1",
					"$(inherited)",
				);
				GCC_WARN_64_TO_32_BIT_CONVERSION = YES;
				GCC_WARN_ABOUT_RETURN_TYPE = YES_ERROR;
				GCC_WARN_UNDECLARED_SELECTOR = YES;
				GCC_WARN_UNINITIALIZED_AUTOS = YES_AGGRESSIVE;
				GCC_WARN_UNUSED_FUNCTION = YES;
				GCC_WARN_UNUSED_VARIABLE = YES;
				IPHONEOS_DEPLOYMENT_TARGET = 15.2;
				MTL_ENABLE_DEBUG_INFO = INCLUDE_SOURCE;
				MTL_FAST_MATH = YES;
				ONLY_ACTIVE_ARCH = YES;
				SDKROOT = iphoneos;
				SWIFT_ACTIVE_COMPILATION_CONDITIONS = DEBUG;
				SWIFT_OPTIMIZATION_LEVEL = "-Onone";
			};
			name = Debug;
		};
		878FC3D327E50D6E0071B4F7 /* Release */ = {
			isa = XCBuildConfiguration;
			buildSettings = {
				ALWAYS_SEARCH_USER_PATHS = NO;
				CLANG_ANALYZER_NONNULL = YES;
				CLANG_ANALYZER_NUMBER_OBJECT_CONVERSION = YES_AGGRESSIVE;
				CLANG_CXX_LANGUAGE_STANDARD = "gnu++17";
				CLANG_CXX_LIBRARY = "libc++";
				CLANG_ENABLE_MODULES = YES;
				CLANG_ENABLE_OBJC_ARC = YES;
				CLANG_ENABLE_OBJC_WEAK = YES;
				CLANG_WARN_BLOCK_CAPTURE_AUTORELEASING = YES;
				CLANG_WARN_BOOL_CONVERSION = YES;
				CLANG_WARN_COMMA = YES;
				CLANG_WARN_CONSTANT_CONVERSION = YES;
				CLANG_WARN_DEPRECATED_OBJC_IMPLEMENTATIONS = YES;
				CLANG_WARN_DIRECT_OBJC_ISA_USAGE = YES_ERROR;
				CLANG_WARN_DOCUMENTATION_COMMENTS = YES;
				CLANG_WARN_EMPTY_BODY = YES;
				CLANG_WARN_ENUM_CONVERSION = YES;
				CLANG_WARN_INFINITE_RECURSION = YES;
				CLANG_WARN_INT_CONVERSION = YES;
				CLANG_WARN_NON_LITERAL_NULL_CONVERSION = YES;
				CLANG_WARN_OBJC_IMPLICIT_RETAIN_SELF = YES;
				CLANG_WARN_OBJC_LITERAL_CONVERSION = YES;
				CLANG_WARN_OBJC_ROOT_CLASS = YES_ERROR;
				CLANG_WARN_QUOTED_INCLUDE_IN_FRAMEWORK_HEADER = YES;
				CLANG_WARN_RANGE_LOOP_ANALYSIS = YES;
				CLANG_WARN_STRICT_PROTOTYPES = YES;
				CLANG_WARN_SUSPICIOUS_MOVE = YES;
				CLANG_WARN_UNGUARDED_AVAILABILITY = YES_AGGRESSIVE;
				CLANG_WARN_UNREACHABLE_CODE = YES;
				CLANG_WARN__DUPLICATE_METHOD_MATCH = YES;
				COPY_PHASE_STRIP = NO;
				DEBUG_INFORMATION_FORMAT = "dwarf-with-dsym";
				ENABLE_NS_ASSERTIONS = NO;
				ENABLE_STRICT_OBJC_MSGSEND = YES;
				GCC_C_LANGUAGE_STANDARD = gnu11;
				GCC_NO_COMMON_BLOCKS = YES;
				GCC_WARN_64_TO_32_BIT_CONVERSION = YES;
				GCC_WARN_ABOUT_RETURN_TYPE = YES_ERROR;
				GCC_WARN_UNDECLARED_SELECTOR = YES;
				GCC_WARN_UNINITIALIZED_AUTOS = YES_AGGRESSIVE;
				GCC_WARN_UNUSED_FUNCTION = YES;
				GCC_WARN_UNUSED_VARIABLE = YES;
				IPHONEOS_DEPLOYMENT_TARGET = 15.2;
				MTL_ENABLE_DEBUG_INFO = NO;
				MTL_FAST_MATH = YES;
				SDKROOT = iphoneos;
				SWIFT_COMPILATION_MODE = wholemodule;
				SWIFT_OPTIMIZATION_LEVEL = "-O";
				VALIDATE_PRODUCT = YES;
			};
			name = Release;
		};
		878FC3D527E50D6E0071B4F7 /* Debug */ = {
			isa = XCBuildConfiguration;
			buildSettings = {
				ASSETCATALOG_COMPILER_APPICON_NAME = AppIcon;
				ASSETCATALOG_COMPILER_GLOBAL_ACCENT_COLOR_NAME = AccentColor;
				CODE_SIGN_STYLE = Automatic;
				CURRENT_PROJECT_VERSION = 1;
				DEVELOPMENT_TEAM = 2EDDZGZ55S;
				GENERATE_INFOPLIST_FILE = YES;
				INFOPLIST_FILE = GetYourNews/Info.plist;
				INFOPLIST_KEY_UIApplicationSupportsIndirectInputEvents = YES;
				INFOPLIST_KEY_UILaunchStoryboardName = LaunchScreen;
				INFOPLIST_KEY_UISupportedInterfaceOrientations_iPad = "UIInterfaceOrientationPortrait UIInterfaceOrientationPortraitUpsideDown UIInterfaceOrientationLandscapeLeft UIInterfaceOrientationLandscapeRight";
				INFOPLIST_KEY_UISupportedInterfaceOrientations_iPhone = "UIInterfaceOrientationPortrait UIInterfaceOrientationLandscapeLeft UIInterfaceOrientationLandscapeRight";
				LD_RUNPATH_SEARCH_PATHS = (
					"$(inherited)",
					"@executable_path/Frameworks",
				);
				MARKETING_VERSION = 1.0;
				PRODUCT_BUNDLE_IDENTIFIER = jandaur.anmol.GetYourNews;
				PRODUCT_NAME = "$(TARGET_NAME)";
				SWIFT_EMIT_LOC_STRINGS = YES;
				SWIFT_VERSION = 5.0;
				TARGETED_DEVICE_FAMILY = "1,2";
			};
			name = Debug;
		};
		878FC3D627E50D6E0071B4F7 /* Release */ = {
			isa = XCBuildConfiguration;
			buildSettings = {
				ASSETCATALOG_COMPILER_APPICON_NAME = AppIcon;
				ASSETCATALOG_COMPILER_GLOBAL_ACCENT_COLOR_NAME = AccentColor;
				CODE_SIGN_STYLE = Automatic;
				CURRENT_PROJECT_VERSION = 1;
				DEVELOPMENT_TEAM = 2EDDZGZ55S;
				GENERATE_INFOPLIST_FILE = YES;
				INFOPLIST_FILE = GetYourNews/Info.plist;
				INFOPLIST_KEY_UIApplicationSupportsIndirectInputEvents = YES;
				INFOPLIST_KEY_UILaunchStoryboardName = LaunchScreen;
				INFOPLIST_KEY_UISupportedInterfaceOrientations_iPad = "UIInterfaceOrientationPortrait UIInterfaceOrientationPortraitUpsideDown UIInterfaceOrientationLandscapeLeft UIInterfaceOrientationLandscapeRight";
				INFOPLIST_KEY_UISupportedInterfaceOrientations_iPhone = "UIInterfaceOrientationPortrait UIInterfaceOrientationLandscapeLeft UIInterfaceOrientationLandscapeRight";
				LD_RUNPATH_SEARCH_PATHS = (
					"$(inherited)",
					"@executable_path/Frameworks",
				);
				MARKETING_VERSION = 1.0;
				PRODUCT_BUNDLE_IDENTIFIER = jandaur.anmol.GetYourNews;
				PRODUCT_NAME = "$(TARGET_NAME)";
				SWIFT_EMIT_LOC_STRINGS = YES;
				SWIFT_VERSION = 5.0;
				TARGETED_DEVICE_FAMILY = "1,2";
			};
			name = Release;
		};
/* End XCBuildConfiguration section */

/* Begin XCConfigurationList section */
		878FC3BB27E50D6D0071B4F7 /* Build configuration list for PBXProject "GetYourNews" */ = {
			isa = XCConfigurationList;
			buildConfigurations = (
				878FC3D227E50D6E0071B4F7 /* Debug */,
				878FC3D327E50D6E0071B4F7 /* Release */,
			);
			defaultConfigurationIsVisible = 0;
			defaultConfigurationName = Release;
		};
		878FC3D427E50D6E0071B4F7 /* Build configuration list for PBXNativeTarget "GetYourNews" */ = {
			isa = XCConfigurationList;
			buildConfigurations = (
				878FC3D527E50D6E0071B4F7 /* Debug */,
				878FC3D627E50D6E0071B4F7 /* Release */,
			);
			defaultConfigurationIsVisible = 0;
			defaultConfigurationName = Release;
		};
/* End XCConfigurationList section */
	};
	rootObject = 878FC3B827E50D6D0071B4F7 /* Project object */;
}
